
Microsoft Visual Studio Solution File, Format Version 12.00
Project("{FAE04EC0-301F-11D3-BF4B-00C04F79EFBC}") = "Sort", "Sort\Sort.csproj", "{CFE3881A-212A-4138-8D07-4C2057826308}"
EndProject
Project("{FAE04EC0-301F-11D3-BF4B-00C04F79EFBC}") = "A_Star", "A_Star\A_Star.csproj", "{99AE2AC0-2CA8-4A86-AC78-397D436EC91D}"
EndProject
Global
	GlobalSection(SolutionConfigurationPlatforms) = preSolution
		Debug|Any CPU = Debug|Any CPU
		Release|Any CPU = Release|Any CPU
	EndGlobalSection
	GlobalSection(ProjectConfigurationPlatforms) = postSolution
		{CFE3881A-212A-4138-8D07-4C2057826308}.Debug|Any CPU.ActiveCfg = Debug|Any CPU
		{CFE3881A-212A-4138-8D07-4C2057826308}.Debug|Any CPU.Build.0 = Debug|Any CPU
		{CFE3881A-212A-4138-8D07-4C2057826308}.Release|Any CPU.ActiveCfg = Release|Any CPU
		{CFE3881A-212A-4138-8D07-4C2057826308}.Release|Any CPU.Build.0 = Release|Any CPU
		{99AE2AC0-2CA8-4A86-AC78-397D436EC91D}.Debug|Any CPU.ActiveCfg = Debug|Any CPU
		{99AE2AC0-2CA8-4A86-AC78-397D436EC91D}.Debug|Any CPU.Build.0 = Debug|Any CPU
		{99AE2AC0-2CA8-4A86-AC78-397D436EC91D}.Release|Any CPU.ActiveCfg = Release|Any CPU
		{99AE2AC0-2CA8-4A86-AC78-397D436EC91D}.Release|Any CPU.Build.0 = Release|Any CPU
	EndGlobalSection
EndGlobal
